
Microsoft Visual Studio Solution File, Format Version 12.00
# Visual Studio Version 17
VisualStudioVersion = 17.10.35122.118
MinimumVisualStudioVersion = 10.0.40219.1
Project("{FAE04EC0-301F-11D3-BF4B-00C04F79EFBC}") = "PuthagaUlagam.Web", "BookManagement.Web\PuthagaUlagam.Web.csproj", "{FD642547-FCDC-482D-942E-5EA704AA78EC}"
EndProject
Global
	GlobalSection(SolutionConfigurationPlatforms) = preSolution
		Debug|Any CPU = Debug|Any CPU
		Release|Any CPU = Release|Any CPU
	EndGlobalSection
	GlobalSection(ProjectConfigurationPlatforms) = postSolution
		{FD642547-FCDC-482D-942E-5EA704AA78EC}.Debug|Any CPU.ActiveCfg = Debug|Any CPU
		{FD642547-FCDC-482D-942E-5EA704AA78EC}.Debug|Any CPU.Build.0 = Debug|Any CPU
		{FD642547-FCDC-482D-942E-5EA704AA78EC}.Release|Any CPU.ActiveCfg = Release|Any CPU
		{FD642547-FCDC-482D-942E-5EA704AA78EC}.Release|Any CPU.Build.0 = Release|Any CPU
	EndGlobalSection
	GlobalSection(SolutionProperties) = preSolution
		HideSolutionNode = FALSE
	EndGlobalSection
	GlobalSection(ExtensibilityGlobals) = postSolution
		SolutionGuid = {5BA8EF27-69B6-4D65-99B9-072DF139304C}
	EndGlobalSection
EndGlobal
